
Microsoft Visual Studio Solution File, Format Version 12.00
# Visual Studio Version 16
VisualStudioVersion = 16.0.34301.259
MinimumVisualStudioVersion = 10.0.40219.1
Project("{8BC9CEB8-8B4A-11D0-8D11-00A0C91BC942}") = "LearnDesignPattern", "LearnDesignPattern\LearnDesignPattern.vcxproj", "{E6FDBC59-1C2D-4462-AE1B-EBB33B341F7E}"
EndProject
Project("{8BC9CEB8-8B4A-11D0-8D11-00A0C91BC942}") = "ParallelProgramming", "ParallelProgramming\ParallelProgramming.vcxproj", "{6CA7C544-A608-474D-926F-3865477133A8}"
EndProject
Project("{8BC9CEB8-8B4A-11D0-8D11-00A0C91BC942}") = "ConditionVariable", "condition_variable\condition_variable.vcxproj", "{3D708DCE-AE0D-40C5-AECF-7E62D9BB162A}"
EndProject
Project("{8BC9CEB8-8B4A-11D0-8D11-00A0C91BC942}") = "CPP_NewObject", "CPP_NewObject\CPP_NewObject.vcxproj", "{33496ECC-BBB8-4EC7-BDC9-27551B4C9FB8}"
EndProject
Project("{8BC9CEB8-8B4A-11D0-8D11-00A0C91BC942}") = "Future", "Future\Future.vcxproj", "{9FCD63F2-4267-4B2A-A5CC-06536A07CA6E}"
EndProject
Project("{8BC9CEB8-8B4A-11D0-8D11-00A0C91BC942}") = "RValueReference", "RightValueReference\RightValueReference.vcxproj", "{44F38A91-FF1A-4033-A0E1-D6AE4CA86F63}"
EndProject
Project("{8BC9CEB8-8B4A-11D0-8D11-00A0C91BC942}") = "Mutex", "Test\Test.vcxproj", "{A250F728-A4D3-4A71-A407-4B766346E354}"
EndProject
Project("{8BC9CEB8-8B4A-11D0-8D11-00A0C91BC942}") = "ThreadSafeQueue", "ThreadSafeQueue\ThreadSafeQueue.vcxproj", "{AD85A2F3-659D-4BCB-802A-929278C437C1}"
EndProject
Project("{8BC9CEB8-8B4A-11D0-8D11-00A0C91BC942}") = "PromiseAndFuture", "PromiseAndFuture\PromiseAndFuture.vcxproj", "{1BD7E5D7-DDD4-432B-B161-B27CC9CC77CA}"
EndProject
Project("{8BC9CEB8-8B4A-11D0-8D11-00A0C91BC942}") = "ReadFile", "ReadFile\ReadFile.vcxproj", "{08C40A02-7464-4411-A2C4-4E9F6402BF9A}"
EndProject
Project("{8BC9CEB8-8B4A-11D0-8D11-00A0C91BC942}") = "TestProj", "TestProj\TestProj.vcxproj", "{A459D18C-89B6-4300-B671-AD45ABF54645}"
EndProject
Project("{8BC9CEB8-8B4A-11D0-8D11-00A0C91BC942}") = "Tuple", "Tuple\Tuple.vcxproj", "{BD60500F-6520-462F-9242-8D1987814D3F}"
EndProject
Project("{8BC9CEB8-8B4A-11D0-8D11-00A0C91BC942}") = "TestEnum", "TestEnum\TestEnum.vcxproj", "{C8AC46D5-EA19-4E1C-9611-60888F5B1B26}"
EndProject
Global
	GlobalSection(SolutionConfigurationPlatforms) = preSolution
		Debug|x64 = Debug|x64
		Debug|x86 = Debug|x86
		RDLL|x64 = RDLL|x64
		RDLL|x86 = RDLL|x86
		Release|x64 = Release|x64
		Release|x86 = Release|x86
	EndGlobalSection
	GlobalSection(ProjectConfigurationPlatforms) = postSolution
		{E6FDBC59-1C2D-4462-AE1B-EBB33B341F7E}.Debug|x64.ActiveCfg = Debug|x64
		{E6FDBC59-1C2D-4462-AE1B-EBB33B341F7E}.Debug|x64.Build.0 = Debug|x64
		{E6FDBC59-1C2D-4462-AE1B-EBB33B341F7E}.Debug|x86.ActiveCfg = Debug|Win32
		{E6FDBC59-1C2D-4462-AE1B-EBB33B341F7E}.Debug|x86.Build.0 = Debug|Win32
		{E6FDBC59-1C2D-4462-AE1B-EBB33B341F7E}.RDLL|x64.ActiveCfg = RDLL|x64
		{E6FDBC59-1C2D-4462-AE1B-EBB33B341F7E}.RDLL|x64.Build.0 = RDLL|x64
		{E6FDBC59-1C2D-4462-AE1B-EBB33B341F7E}.RDLL|x86.ActiveCfg = RDLL|Win32
		{E6FDBC59-1C2D-4462-AE1B-EBB33B341F7E}.RDLL|x86.Build.0 = RDLL|Win32
		{E6FDBC59-1C2D-4462-AE1B-EBB33B341F7E}.Release|x64.ActiveCfg = Release|x64
		{E6FDBC59-1C2D-4462-AE1B-EBB33B341F7E}.Release|x64.Build.0 = Release|x64
		{E6FDBC59-1C2D-4462-AE1B-EBB33B341F7E}.Release|x86.ActiveCfg = Release|Win32
		{E6FDBC59-1C2D-4462-AE1B-EBB33B341F7E}.Release|x86.Build.0 = Release|Win32
		{6CA7C544-A608-474D-926F-3865477133A8}.Debug|x64.ActiveCfg = Debug|x64
		{6CA7C544-A608-474D-926F-3865477133A8}.Debug|x64.Build.0 = Debug|x64
		{6CA7C544-A608-474D-926F-3865477133A8}.Debug|x86.ActiveCfg = Debug|Win32
		{6CA7C544-A608-474D-926F-3865477133A8}.Debug|x86.Build.0 = Debug|Win32
		{6CA7C544-A608-474D-926F-3865477133A8}.RDLL|x64.ActiveCfg = Release|x64
		{6CA7C544-A608-474D-926F-3865477133A8}.RDLL|x64.Build.0 = Release|x64
		{6CA7C544-A608-474D-926F-3865477133A8}.RDLL|x86.ActiveCfg = Release|Win32
		{6CA7C544-A608-474D-926F-3865477133A8}.RDLL|x86.Build.0 = Release|Win32
		{6CA7C544-A608-474D-926F-3865477133A8}.Release|x64.ActiveCfg = Release|x64
		{6CA7C544-A608-474D-926F-3865477133A8}.Release|x64.Build.0 = Release|x64
		{6CA7C544-A608-474D-926F-3865477133A8}.Release|x86.ActiveCfg = Release|Win32
		{6CA7C544-A608-474D-926F-3865477133A8}.Release|x86.Build.0 = Release|Win32
		{3D708DCE-AE0D-40C5-AECF-7E62D9BB162A}.Debug|x64.ActiveCfg = Debug|x64
		{3D708DCE-AE0D-40C5-AECF-7E62D9BB162A}.Debug|x64.Build.0 = Debug|x64
		{3D708DCE-AE0D-40C5-AECF-7E62D9BB162A}.Debug|x86.ActiveCfg = Debug|Win32
		{3D708DCE-AE0D-40C5-AECF-7E62D9BB162A}.Debug|x86.Build.0 = Debug|Win32
		{3D708DCE-AE0D-40C5-AECF-7E62D9BB162A}.RDLL|x64.ActiveCfg = Release|x64
		{3D708DCE-AE0D-40C5-AECF-7E62D9BB162A}.RDLL|x64.Build.0 = Release|x64
		{3D708DCE-AE0D-40C5-AECF-7E62D9BB162A}.RDLL|x86.ActiveCfg = Release|Win32
		{3D708DCE-AE0D-40C5-AECF-7E62D9BB162A}.RDLL|x86.Build.0 = Release|Win32
		{3D708DCE-AE0D-40C5-AECF-7E62D9BB162A}.Release|x64.ActiveCfg = Release|x64
		{3D708DCE-AE0D-40C5-AECF-7E62D9BB162A}.Release|x64.Build.0 = Release|x64
		{3D708DCE-AE0D-40C5-AECF-7E62D9BB162A}.Release|x86.ActiveCfg = Release|Win32
		{3D708DCE-AE0D-40C5-AECF-7E62D9BB162A}.Release|x86.Build.0 = Release|Win32
		{33496ECC-BBB8-4EC7-BDC9-27551B4C9FB8}.Debug|x64.ActiveCfg = Debug|x64
		{33496ECC-BBB8-4EC7-BDC9-27551B4C9FB8}.Debug|x64.Build.0 = Debug|x64
		{33496ECC-BBB8-4EC7-BDC9-27551B4C9FB8}.Debug|x86.ActiveCfg = Debug|Win32
		{33496ECC-BBB8-4EC7-BDC9-27551B4C9FB8}.Debug|x86.Build.0 = Debug|Win32
		{33496ECC-BBB8-4EC7-BDC9-27551B4C9FB8}.RDLL|x64.ActiveCfg = Release|x64
		{33496ECC-BBB8-4EC7-BDC9-27551B4C9FB8}.RDLL|x64.Build.0 = Release|x64
		{33496ECC-BBB8-4EC7-BDC9-27551B4C9FB8}.RDLL|x86.ActiveCfg = Release|Win32
		{33496ECC-BBB8-4EC7-BDC9-27551B4C9FB8}.RDLL|x86.Build.0 = Release|Win32
		{33496ECC-BBB8-4EC7-BDC9-27551B4C9FB8}.Release|x64.ActiveCfg = Release|x64
		{33496ECC-BBB8-4EC7-BDC9-27551B4C9FB8}.Release|x64.Build.0 = Release|x64
		{33496ECC-BBB8-4EC7-BDC9-27551B4C9FB8}.Release|x86.ActiveCfg = Release|Win32
		{33496ECC-BBB8-4EC7-BDC9-27551B4C9FB8}.Release|x86.Build.0 = Release|Win32
		{9FCD63F2-4267-4B2A-A5CC-06536A07CA6E}.Debug|x64.ActiveCfg = Debug|x64
		{9FCD63F2-4267-4B2A-A5CC-06536A07CA6E}.Debug|x64.Build.0 = Debug|x64
		{9FCD63F2-4267-4B2A-A5CC-06536A07CA6E}.Debug|x86.ActiveCfg = Debug|Win32
		{9FCD63F2-4267-4B2A-A5CC-06536A07CA6E}.Debug|x86.Build.0 = Debug|Win32
		{9FCD63F2-4267-4B2A-A5CC-06536A07CA6E}.RDLL|x64.ActiveCfg = Release|x64
		{9FCD63F2-4267-4B2A-A5CC-06536A07CA6E}.RDLL|x64.Build.0 = Release|x64
		{9FCD63F2-4267-4B2A-A5CC-06536A07CA6E}.RDLL|x86.ActiveCfg = Release|Win32
		{9FCD63F2-4267-4B2A-A5CC-06536A07CA6E}.RDLL|x86.Build.0 = Release|Win32
		{9FCD63F2-4267-4B2A-A5CC-06536A07CA6E}.Release|x64.ActiveCfg = Release|x64
		{9FCD63F2-4267-4B2A-A5CC-06536A07CA6E}.Release|x64.Build.0 = Release|x64
		{9FCD63F2-4267-4B2A-A5CC-06536A07CA6E}.Release|x86.ActiveCfg = Release|Win32
		{9FCD63F2-4267-4B2A-A5CC-06536A07CA6E}.Release|x86.Build.0 = Release|Win32
		{44F38A91-FF1A-4033-A0E1-D6AE4CA86F63}.Debug|x64.ActiveCfg = Debug|x64
		{44F38A91-FF1A-4033-A0E1-D6AE4CA86F63}.Debug|x64.Build.0 = Debug|x64
		{44F38A91-FF1A-4033-A0E1-D6AE4CA86F63}.Debug|x86.ActiveCfg = Debug|Win32
		{44F38A91-FF1A-4033-A0E1-D6AE4CA86F63}.Debug|x86.Build.0 = Debug|Win32
		{44F38A91-FF1A-4033-A0E1-D6AE4CA86F63}.RDLL|x64.ActiveCfg = Release|x64
		{44F38A91-FF1A-4033-A0E1-D6AE4CA86F63}.RDLL|x64.Build.0 = Release|x64
		{44F38A91-FF1A-4033-A0E1-D6AE4CA86F63}.RDLL|x86.ActiveCfg = Release|Win32
		{44F38A91-FF1A-4033-A0E1-D6AE4CA86F63}.RDLL|x86.Build.0 = Release|Win32
		{44F38A91-FF1A-4033-A0E1-D6AE4CA86F63}.Release|x64.ActiveCfg = Release|x64
		{44F38A91-FF1A-4033-A0E1-D6AE4CA86F63}.Release|x64.Build.0 = Release|x64
		{44F38A91-FF1A-4033-A0E1-D6AE4CA86F63}.Release|x86.ActiveCfg = Release|Win32
		{44F38A91-FF1A-4033-A0E1-D6AE4CA86F63}.Release|x86.Build.0 = Release|Win32
		{A250F728-A4D3-4A71-A407-4B766346E354}.Debug|x64.ActiveCfg = Debug|x64
		{A250F728-A4D3-4A71-A407-4B766346E354}.Debug|x64.Build.0 = Debug|x64
		{A250F728-A4D3-4A71-A407-4B766346E354}.Debug|x86.ActiveCfg = Debug|Win32
		{A250F728-A4D3-4A71-A407-4B766346E354}.Debug|x86.Build.0 = Debug|Win32
		{A250F728-A4D3-4A71-A407-4B766346E354}.RDLL|x64.ActiveCfg = Release|x64
		{A250F728-A4D3-4A71-A407-4B766346E354}.RDLL|x64.Build.0 = Release|x64
		{A250F728-A4D3-4A71-A407-4B766346E354}.RDLL|x86.ActiveCfg = Release|Win32
		{A250F728-A4D3-4A71-A407-4B766346E354}.RDLL|x86.Build.0 = Release|Win32
		{A250F728-A4D3-4A71-A407-4B766346E354}.Release|x64.ActiveCfg = Release|x64
		{A250F728-A4D3-4A71-A407-4B766346E354}.Release|x64.Build.0 = Release|x64
		{A250F728-A4D3-4A71-A407-4B766346E354}.Release|x86.ActiveCfg = Release|Win32
		{A250F728-A4D3-4A71-A407-4B766346E354}.Release|x86.Build.0 = Release|Win32
		{AD85A2F3-659D-4BCB-802A-929278C437C1}.Debug|x64.ActiveCfg = Debug|x64
		{AD85A2F3-659D-4BCB-802A-929278C437C1}.Debug|x64.Build.0 = Debug|x64
		{AD85A2F3-659D-4BCB-802A-929278C437C1}.Debug|x86.ActiveCfg = Debug|Win32
		{AD85A2F3-659D-4BCB-802A-929278C437C1}.Debug|x86.Build.0 = Debug|Win32
		{AD85A2F3-659D-4BCB-802A-929278C437C1}.RDLL|x64.ActiveCfg = Release|x64
		{AD85A2F3-659D-4BCB-802A-929278C437C1}.RDLL|x64.Build.0 = Release|x64
		{AD85A2F3-659D-4BCB-802A-929278C437C1}.RDLL|x86.ActiveCfg = Release|Win32
		{AD85A2F3-659D-4BCB-802A-929278C437C1}.RDLL|x86.Build.0 = Release|Win32
		{AD85A2F3-659D-4BCB-802A-929278C437C1}.Release|x64.ActiveCfg = Release|x64
		{AD85A2F3-659D-4BCB-802A-929278C437C1}.Release|x64.Build.0 = Release|x64
		{AD85A2F3-659D-4BCB-802A-929278C437C1}.Release|x86.ActiveCfg = Release|Win32
		{AD85A2F3-659D-4BCB-802A-929278C437C1}.Release|x86.Build.0 = Release|Win32
		{1BD7E5D7-DDD4-432B-B161-B27CC9CC77CA}.Debug|x64.ActiveCfg = Debug|x64
		{1BD7E5D7-DDD4-432B-B161-B27CC9CC77CA}.Debug|x64.Build.0 = Debug|x64
		{1BD7E5D7-DDD4-432B-B161-B27CC9CC77CA}.Debug|x86.ActiveCfg = Debug|Win32
		{1BD7E5D7-DDD4-432B-B161-B27CC9CC77CA}.Debug|x86.Build.0 = Debug|Win32
		{1BD7E5D7-DDD4-432B-B161-B27CC9CC77CA}.RDLL|x64.ActiveCfg = Release|x64
		{1BD7E5D7-DDD4-432B-B161-B27CC9CC77CA}.RDLL|x64.Build.0 = Release|x64
		{1BD7E5D7-DDD4-432B-B161-B27CC9CC77CA}.RDLL|x86.ActiveCfg = Release|Win32
		{1BD7E5D7-DDD4-432B-B161-B27CC9CC77CA}.RDLL|x86.Build.0 = Release|Win32
		{1BD7E5D7-DDD4-432B-B161-B27CC9CC77CA}.Release|x64.ActiveCfg = Release|x64
		{1BD7E5D7-DDD4-432B-B161-B27CC9CC77CA}.Release|x64.Build.0 = Release|x64
		{1BD7E5D7-DDD4-432B-B161-B27CC9CC77CA}.Release|x86.ActiveCfg = Release|Win32
		{1BD7E5D7-DDD4-432B-B161-B27CC9CC77CA}.Release|x86.Build.0 = Release|Win32
		{08C40A02-7464-4411-A2C4-4E9F6402BF9A}.Debug|x64.ActiveCfg = Debug|x64
		{08C40A02-7464-4411-A2C4-4E9F6402BF9A}.Debug|x64.Build.0 = Debug|x64
		{08C40A02-7464-4411-A2C4-4E9F6402BF9A}.Debug|x86.ActiveCfg = Debug|Win32
		{08C40A02-7464-4411-A2C4-4E9F6402BF9A}.Debug|x86.Build.0 = Debug|Win32
		{08C40A02-7464-4411-A2C4-4E9F6402BF9A}.RDLL|x64.ActiveCfg = Release|x64
		{08C40A02-7464-4411-A2C4-4E9F6402BF9A}.RDLL|x64.Build.0 = Release|x64
		{08C40A02-7464-4411-A2C4-4E9F6402BF9A}.RDLL|x86.ActiveCfg = Release|Win32
		{08C40A02-7464-4411-A2C4-4E9F6402BF9A}.RDLL|x86.Build.0 = Release|Win32
		{08C40A02-7464-4411-A2C4-4E9F6402BF9A}.Release|x64.ActiveCfg = Release|x64
		{08C40A02-7464-4411-A2C4-4E9F6402BF9A}.Release|x64.Build.0 = Release|x64
		{08C40A02-7464-4411-A2C4-4E9F6402BF9A}.Release|x86.ActiveCfg = Release|Win32
		{08C40A02-7464-4411-A2C4-4E9F6402BF9A}.Release|x86.Build.0 = Release|Win32
		{A459D18C-89B6-4300-B671-AD45ABF54645}.Debug|x64.ActiveCfg = Debug|x64
		{A459D18C-89B6-4300-B671-AD45ABF54645}.Debug|x64.Build.0 = Debug|x64
		{A459D18C-89B6-4300-B671-AD45ABF54645}.Debug|x86.ActiveCfg = Debug|Win32
		{A459D18C-89B6-4300-B671-AD45ABF54645}.Debug|x86.Build.0 = Debug|Win32
		{A459D18C-89B6-4300-B671-AD45ABF54645}.RDLL|x64.ActiveCfg = Release|x64
		{A459D18C-89B6-4300-B671-AD45ABF54645}.RDLL|x64.Build.0 = Release|x64
		{A459D18C-89B6-4300-B671-AD45ABF54645}.RDLL|x86.ActiveCfg = Release|Win32
		{A459D18C-89B6-4300-B671-AD45ABF54645}.RDLL|x86.Build.0 = Release|Win32
		{A459D18C-89B6-4300-B671-AD45ABF54645}.Release|x64.ActiveCfg = Release|x64
		{A459D18C-89B6-4300-B671-AD45ABF54645}.Release|x64.Build.0 = Release|x64
		{A459D18C-89B6-4300-B671-AD45ABF54645}.Release|x86.ActiveCfg = Release|Win32
		{A459D18C-89B6-4300-B671-AD45ABF54645}.Release|x86.Build.0 = Release|Win32
		{BD60500F-6520-462F-9242-8D1987814D3F}.Debug|x64.ActiveCfg = Debug|x64
		{BD60500F-6520-462F-9242-8D1987814D3F}.Debug|x64.Build.0 = Debug|x64
		{BD60500F-6520-462F-9242-8D1987814D3F}.Debug|x86.ActiveCfg = Debug|Win32
		{BD60500F-6520-462F-9242-8D1987814D3F}.Debug|x86.Build.0 = Debug|Win32
		{BD60500F-6520-462F-9242-8D1987814D3F}.RDLL|x64.ActiveCfg = Release|x64
		{BD60500F-6520-462F-9242-8D1987814D3F}.RDLL|x64.Build.0 = Release|x64
		{BD60500F-6520-462F-9242-8D1987814D3F}.RDLL|x86.ActiveCfg = Release|Win32
		{BD60500F-6520-462F-9242-8D1987814D3F}.RDLL|x86.Build.0 = Release|Win32
		{BD60500F-6520-462F-9242-8D1987814D3F}.Release|x64.ActiveCfg = Release|x64
		{BD60500F-6520-462F-9242-8D1987814D3F}.Release|x64.Build.0 = Release|x64
		{BD60500F-6520-462F-9242-8D1987814D3F}.Release|x86.ActiveCfg = Release|Win32
		{BD60500F-6520-462F-9242-8D1987814D3F}.Release|x86.Build.0 = Release|Win32
		{C8AC46D5-EA19-4E1C-9611-60888F5B1B26}.Debug|x64.ActiveCfg = Debug|x64
		{C8AC46D5-EA19-4E1C-9611-60888F5B1B26}.Debug|x64.Build.0 = Debug|x64
		{C8AC46D5-EA19-4E1C-9611-60888F5B1B26}.Debug|x86.ActiveCfg = Debug|Win32
		{C8AC46D5-EA19-4E1C-9611-60888F5B1B26}.Debug|x86.Build.0 = Debug|Win32
		{C8AC46D5-EA19-4E1C-9611-60888F5B1B26}.RDLL|x64.ActiveCfg = Release|x64
		{C8AC46D5-EA19-4E1C-9611-60888F5B1B26}.RDLL|x64.Build.0 = Release|x64
		{C8AC46D5-EA19-4E1C-9611-60888F5B1B26}.RDLL|x86.ActiveCfg = Release|Win32
		{C8AC46D5-EA19-4E1C-9611-60888F5B1B26}.RDLL|x86.Build.0 = Release|Win32
		{C8AC46D5-EA19-4E1C-9611-60888F5B1B26}.Release|x64.ActiveCfg = Release|x64
		{C8AC46D5-EA19-4E1C-9611-60888F5B1B26}.Release|x64.Build.0 = Release|x64
		{C8AC46D5-EA19-4E1C-9611-60888F5B1B26}.Release|x86.ActiveCfg = Release|Win32
		{C8AC46D5-EA19-4E1C-9611-60888F5B1B26}.Release|x86.Build.0 = Release|Win32
	EndGlobalSection
	GlobalSection(SolutionProperties) = preSolution
		HideSolutionNode = FALSE
	EndGlobalSection
	GlobalSection(ExtensibilityGlobals) = postSolution
		SolutionGuid = {3B46ABA4-928F-46CF-950F-092BAE4387AC}
	EndGlobalSection
EndGlobal
